
Microsoft Visual Studio Solution File, Format Version 12.00
# Visual Studio Version 16
VisualStudioVersion = 16.0.31410.357
MinimumVisualStudioVersion = 10.0.40219.1
Project("{FAE04EC0-301F-11D3-BF4B-00C04F79EFBC}") = "Epam.Library.ConsolePL", "Epam.Library.ConsolePL\Epam.Library.ConsolePL.csproj", "{243EDC97-C4D0-4D5A-9A19-134EE3639F13}"
EndProject
Project("{FAE04EC0-301F-11D3-BF4B-00C04F79EFBC}") = "Epam.Library.BLL.Interfaces", "Epam.Library.BLL.Interfaces\Epam.Library.BLL.Interfaces.csproj", "{68C12430-1D62-4266-BC62-8820415A0F96}"
EndProject
Project("{FAE04EC0-301F-11D3-BF4B-00C04F79EFBC}") = "Epam.Library.BLL", "Epam.Library.BLL\Epam.Library.BLL.csproj", "{C2C8DFF0-7020-4488-B667-F630E207645C}"
EndProject
Project("{FAE04EC0-301F-11D3-BF4B-00C04F79EFBC}") = "Epam.Library.DAL.Interfaces", "Epam.Library.DAL.Interfaces\Epam.Library.DAL.Interfaces.csproj", "{677233C7-1BD6-461B-9471-97B7EA6283D6}"
EndProject
Project("{FAE04EC0-301F-11D3-BF4B-00C04F79EFBC}") = "Epam.Library.FakeDAL", "Epam.Library.DAL.FakeDAL\Epam.Library.FakeDAL.csproj", "{2FB59D04-03C7-4692-9517-0885AC588372}"
EndProject
Project("{2150E333-8FDC-42A3-9474-1A3956D46DE8}") = "PL", "PL", "{05D72D0B-65BA-43A7-99A3-0F34597DF609}"
EndProject
Project("{2150E333-8FDC-42A3-9474-1A3956D46DE8}") = "BLL", "BLL", "{15C33F06-67AB-4827-A0A7-2D223FEE8E12}"
EndProject
Project("{2150E333-8FDC-42A3-9474-1A3956D46DE8}") = "DAL", "DAL", "{48C17D51-B94C-4D39-AA94-39EFB2704F47}"
EndProject
Project("{FAE04EC0-301F-11D3-BF4B-00C04F79EFBC}") = "Epam.Library.Entities", "Epam.Library.Entities\Epam.Library.Entities.csproj", "{0E0BAD14-3533-46D0-A17F-CB671D8D854B}"
EndProject
Project("{2150E333-8FDC-42A3-9474-1A3956D46DE8}") = "Common", "Common", "{3999266C-EED9-483D-A290-D909E026EFC7}"
EndProject
Project("{FAE04EC0-301F-11D3-BF4B-00C04F79EFBC}") = "Epam.Library.IoC", "Epam.Library.Dependencies\Epam.Library.IoC.csproj", "{08E04EB9-EAB3-4F1B-8753-147EC3BD65B2}"
EndProject
Project("{FAE04EC0-301F-11D3-BF4B-00C04F79EFBC}") = "Epam.Library.Enums", "Epam.Library.Enums\Epam.Library.Enums.csproj", "{71C72D51-57AA-41D8-B686-7782222AC86C}"
EndProject
Project("{2150E333-8FDC-42A3-9474-1A3956D46DE8}") = "IoC", "IoC", "{94E4448F-F0A7-47F1-A738-99ED682DC5D3}"
EndProject
Project("{FAE04EC0-301F-11D3-BF4B-00C04F79EFBC}") = "Epam.Library.NinjectBinds", "Epam.Library.NinjectBinds\Epam.Library.NinjectBinds.csproj", "{E51D9CE4-32DA-4EBD-9405-05F1D2FF9073}"
EndProject
Project("{FAE04EC0-301F-11D3-BF4B-00C04F79EFBC}") = "Epam.Library.ErrorArchiver", "Epam.Library.ErrorArchiver\Epam.Library.ErrorArchiver.csproj", "{5B871CEE-4973-4C8A-9F80-3204157B240B}"
EndProject
Project("{9A19103F-16F7-4668-BE54-9A1E7A4F7556}") = "Epam.Library.BLL.Tests", "Epam.Library.BLL.Tests\Epam.Library.BLL.Tests.csproj", "{9511FDB2-14AE-42E8-BF73-391EF544D5E5}"
EndProject
Project("{9A19103F-16F7-4668-BE54-9A1E7A4F7556}") = "Epam.Library.BLL.IntegrationTests", "Epam.Library.BLL.IntegrationTests\Epam.Library.BLL.IntegrationTests.csproj", "{CCD21F09-F386-4B7E-A1A9-827EE425253E}"
EndProject
Project("{FAE04EC0-301F-11D3-BF4B-00C04F79EFBC}") = "Epam.Library.MSSQLDAL", "Epam.Library.MSSQLDAL\Epam.Library.MSSQLDAL.csproj", "{BCB325C9-FC76-476F-9DF6-4AF9A9B3C72E}"
EndProject
Global
	GlobalSection(SolutionConfigurationPlatforms) = preSolution
		Debug|Any CPU = Debug|Any CPU
		Release|Any CPU = Release|Any CPU
	EndGlobalSection
	GlobalSection(ProjectConfigurationPlatforms) = postSolution
		{243EDC97-C4D0-4D5A-9A19-134EE3639F13}.Debug|Any CPU.ActiveCfg = Debug|Any CPU
		{243EDC97-C4D0-4D5A-9A19-134EE3639F13}.Debug|Any CPU.Build.0 = Debug|Any CPU
		{243EDC97-C4D0-4D5A-9A19-134EE3639F13}.Release|Any CPU.ActiveCfg = Release|Any CPU
		{243EDC97-C4D0-4D5A-9A19-134EE3639F13}.Release|Any CPU.Build.0 = Release|Any CPU
		{68C12430-1D62-4266-BC62-8820415A0F96}.Debug|Any CPU.ActiveCfg = Debug|Any CPU
		{68C12430-1D62-4266-BC62-8820415A0F96}.Debug|Any CPU.Build.0 = Debug|Any CPU
		{68C12430-1D62-4266-BC62-8820415A0F96}.Release|Any CPU.ActiveCfg = Release|Any CPU
		{68C12430-1D62-4266-BC62-8820415A0F96}.Release|Any CPU.Build.0 = Release|Any CPU
		{C2C8DFF0-7020-4488-B667-F630E207645C}.Debug|Any CPU.ActiveCfg = Debug|Any CPU
		{C2C8DFF0-7020-4488-B667-F630E207645C}.Debug|Any CPU.Build.0 = Debug|Any CPU
		{C2C8DFF0-7020-4488-B667-F630E207645C}.Release|Any CPU.ActiveCfg = Release|Any CPU
		{C2C8DFF0-7020-4488-B667-F630E207645C}.Release|Any CPU.Build.0 = Release|Any CPU
		{677233C7-1BD6-461B-9471-97B7EA6283D6}.Debug|Any CPU.ActiveCfg = Debug|Any CPU
		{677233C7-1BD6-461B-9471-97B7EA6283D6}.Debug|Any CPU.Build.0 = Debug|Any CPU
		{677233C7-1BD6-461B-9471-97B7EA6283D6}.Release|Any CPU.ActiveCfg = Release|Any CPU
		{677233C7-1BD6-461B-9471-97B7EA6283D6}.Release|Any CPU.Build.0 = Release|Any CPU
		{2FB59D04-03C7-4692-9517-0885AC588372}.Debug|Any CPU.ActiveCfg = Debug|Any CPU
		{2FB59D04-03C7-4692-9517-0885AC588372}.Debug|Any CPU.Build.0 = Debug|Any CPU
		{2FB59D04-03C7-4692-9517-0885AC588372}.Release|Any CPU.ActiveCfg = Release|Any CPU
		{2FB59D04-03C7-4692-9517-0885AC588372}.Release|Any CPU.Build.0 = Release|Any CPU
		{0E0BAD14-3533-46D0-A17F-CB671D8D854B}.Debug|Any CPU.ActiveCfg = Debug|Any CPU
		{0E0BAD14-3533-46D0-A17F-CB671D8D854B}.Debug|Any CPU.Build.0 = Debug|Any CPU
		{0E0BAD14-3533-46D0-A17F-CB671D8D854B}.Release|Any CPU.ActiveCfg = Release|Any CPU
		{0E0BAD14-3533-46D0-A17F-CB671D8D854B}.Release|Any CPU.Build.0 = Release|Any CPU
		{08E04EB9-EAB3-4F1B-8753-147EC3BD65B2}.Debug|Any CPU.ActiveCfg = Debug|Any CPU
		{08E04EB9-EAB3-4F1B-8753-147EC3BD65B2}.Debug|Any CPU.Build.0 = Debug|Any CPU
		{08E04EB9-EAB3-4F1B-8753-147EC3BD65B2}.Release|Any CPU.ActiveCfg = Release|Any CPU
		{08E04EB9-EAB3-4F1B-8753-147EC3BD65B2}.Release|Any CPU.Build.0 = Release|Any CPU
		{71C72D51-57AA-41D8-B686-7782222AC86C}.Debug|Any CPU.ActiveCfg = Debug|Any CPU
		{71C72D51-57AA-41D8-B686-7782222AC86C}.Debug|Any CPU.Build.0 = Debug|Any CPU
		{71C72D51-57AA-41D8-B686-7782222AC86C}.Release|Any CPU.ActiveCfg = Release|Any CPU
		{71C72D51-57AA-41D8-B686-7782222AC86C}.Release|Any CPU.Build.0 = Release|Any CPU
		{E51D9CE4-32DA-4EBD-9405-05F1D2FF9073}.Debug|Any CPU.ActiveCfg = Debug|Any CPU
		{E51D9CE4-32DA-4EBD-9405-05F1D2FF9073}.Debug|Any CPU.Build.0 = Debug|Any CPU
		{E51D9CE4-32DA-4EBD-9405-05F1D2FF9073}.Release|Any CPU.ActiveCfg = Release|Any CPU
		{E51D9CE4-32DA-4EBD-9405-05F1D2FF9073}.Release|Any CPU.Build.0 = Release|Any CPU
		{5B871CEE-4973-4C8A-9F80-3204157B240B}.Debug|Any CPU.ActiveCfg = Debug|Any CPU
		{5B871CEE-4973-4C8A-9F80-3204157B240B}.Debug|Any CPU.Build.0 = Debug|Any CPU
		{5B871CEE-4973-4C8A-9F80-3204157B240B}.Release|Any CPU.ActiveCfg = Release|Any CPU
		{5B871CEE-4973-4C8A-9F80-3204157B240B}.Release|Any CPU.Build.0 = Release|Any CPU
		{9511FDB2-14AE-42E8-BF73-391EF544D5E5}.Debug|Any CPU.ActiveCfg = Debug|Any CPU
		{9511FDB2-14AE-42E8-BF73-391EF544D5E5}.Debug|Any CPU.Build.0 = Debug|Any CPU
		{9511FDB2-14AE-42E8-BF73-391EF544D5E5}.Release|Any CPU.ActiveCfg = Release|Any CPU
		{9511FDB2-14AE-42E8-BF73-391EF544D5E5}.Release|Any CPU.Build.0 = Release|Any CPU
		{CCD21F09-F386-4B7E-A1A9-827EE425253E}.Debug|Any CPU.ActiveCfg = Debug|Any CPU
		{CCD21F09-F386-4B7E-A1A9-827EE425253E}.Debug|Any CPU.Build.0 = Debug|Any CPU
		{CCD21F09-F386-4B7E-A1A9-827EE425253E}.Release|Any CPU.ActiveCfg = Release|Any CPU
		{CCD21F09-F386-4B7E-A1A9-827EE425253E}.Release|Any CPU.Build.0 = Release|Any CPU
		{BCB325C9-FC76-476F-9DF6-4AF9A9B3C72E}.Debug|Any CPU.ActiveCfg = Debug|Any CPU
		{BCB325C9-FC76-476F-9DF6-4AF9A9B3C72E}.Debug|Any CPU.Build.0 = Debug|Any CPU
		{BCB325C9-FC76-476F-9DF6-4AF9A9B3C72E}.Release|Any CPU.ActiveCfg = Release|Any CPU
		{BCB325C9-FC76-476F-9DF6-4AF9A9B3C72E}.Release|Any CPU.Build.0 = Release|Any CPU
	EndGlobalSection
	GlobalSection(SolutionProperties) = preSolution
		HideSolutionNode = FALSE
	EndGlobalSection
	GlobalSection(NestedProjects) = preSolution
		{243EDC97-C4D0-4D5A-9A19-134EE3639F13} = {05D72D0B-65BA-43A7-99A3-0F34597DF609}
		{68C12430-1D62-4266-BC62-8820415A0F96} = {15C33F06-67AB-4827-A0A7-2D223FEE8E12}
		{C2C8DFF0-7020-4488-B667-F630E207645C} = {15C33F06-67AB-4827-A0A7-2D223FEE8E12}
		{677233C7-1BD6-461B-9471-97B7EA6283D6} = {48C17D51-B94C-4D39-AA94-39EFB2704F47}
		{2FB59D04-03C7-4692-9517-0885AC588372} = {48C17D51-B94C-4D39-AA94-39EFB2704F47}
		{0E0BAD14-3533-46D0-A17F-CB671D8D854B} = {3999266C-EED9-483D-A290-D909E026EFC7}
		{08E04EB9-EAB3-4F1B-8753-147EC3BD65B2} = {94E4448F-F0A7-47F1-A738-99ED682DC5D3}
		{71C72D51-57AA-41D8-B686-7782222AC86C} = {3999266C-EED9-483D-A290-D909E026EFC7}
		{E51D9CE4-32DA-4EBD-9405-05F1D2FF9073} = {94E4448F-F0A7-47F1-A738-99ED682DC5D3}
		{5B871CEE-4973-4C8A-9F80-3204157B240B} = {3999266C-EED9-483D-A290-D909E026EFC7}
		{9511FDB2-14AE-42E8-BF73-391EF544D5E5} = {15C33F06-67AB-4827-A0A7-2D223FEE8E12}
		{CCD21F09-F386-4B7E-A1A9-827EE425253E} = {15C33F06-67AB-4827-A0A7-2D223FEE8E12}
		{BCB325C9-FC76-476F-9DF6-4AF9A9B3C72E} = {48C17D51-B94C-4D39-AA94-39EFB2704F47}
	EndGlobalSection
	GlobalSection(ExtensibilityGlobals) = postSolution
		SolutionGuid = {AB3F4D86-101F-4F9F-B634-9074D5A4D753}
	EndGlobalSection
EndGlobal
